PODS:
  - CPEData (3.3.0):
    - SWXMLHash (~> 4.0)
  - REFormattedNumberField (1.1.6)
  - RETableViewManager (1.7):
    - REFormattedNumberField (~> 1.1.5)
    - REValidation (~> 0.1.4)
  - REValidation (0.1.4)
  - SWXMLHash (4.3.5)

DEPENDENCIES:
  - CPEData (from `../`)
  - RETableViewManager

SPEC REPOS:
  https://github.com/cocoapods/specs.git:
    - REFormattedNumberField
    - RETableViewManager
    - REValidation
    - SWXMLHash

EXTERNAL SOURCES:
  CPEData:
    :path: "../"

SPEC CHECKSUMS:
  CPEData: 1937cf4b21fde3339f3bfc21bda3a5de02e83061
  REFormattedNumberField: 70fc5fb1218ebd5ee9983820defd12806d5c6ec6
  RETableViewManager: 0f24d796c42c0890d38c79cc9aeb3871e186726e
  REValidation: 38c4de1be58455f8b00aab208ac80db316a66b7f
  SWXMLHash: 84083af6df23edb9033978d54112d2bcfa10484e

PODFILE CHECKSUM: 25540c49ae592fbf787c376f07dfc74279b77259

COCOAPODS: 1.5.3
